// !$*UTF8*$!
{
	archiveVersion = 1;
	classes = {
	};
	objectVersion = 52;
	objects = {

/* Begin PBXBuildFile section */
		6B442D9F264EAF2D00BB75A7 /* AppDelegate.swift in Sources */ = {isa = PBXBuildFile; fileRef = 6B442D9E264EAF2D00BB75A7 /* AppDelegate.swift */; };
		6B442DA1264EAF2D00BB75A7 /* SceneDelegate.swift in Sources */ = {isa = PBXBuildFile; fileRef = 6B442DA0264EAF2D00BB75A7 /* SceneDelegate.swift */; };
		6B442DA3264EAF2D00BB75A7 /* ViewController.swift in Sources */ = {isa = PBXBuildFile; fileRef = 6B442DA2264EAF2D00BB75A7 /* ViewController.swift */; };
		6B442DA6264EAF2D00BB75A7 /* Main.storyboard in Resources */ = {isa = PBXBuildFile; fileRef = 6B442DA4264EAF2D00BB75A7 /* Main.storyboard */; };
		6B442DA8264EAF3100BB75A7 /* Assets.xcassets in Resources */ = {isa = PBXBuildFile; fileRef = 6B442DA7264EAF3100BB75A7 /* Assets.xcassets */; };
		6B442DAB264EAF3100BB75A7 /* LaunchScreen.storyboard in Resources */ = {isa = PBXBuildFile; fileRef = 6B442DA9264EAF3100BB75A7 /* LaunchScreen.storyboard */; };
		6B442DB6264EAF3100BB75A7 /* QRCodeTests.swift in Sources */ = {isa = PBXBuildFile; fileRef = 6B442DB5264EAF3100BB75A7 /* QRCodeTests.swift */; };
		6B442DC1264EAF3100BB75A7 /* QRCodeUITests.swift in Sources */ = {isa = PBXBuildFile; fileRef = 6B442DC0264EAF3100BB75A7 /* QRCodeUITests.swift */; };
		C4A06DB5264F7F9F0011E47E /* CryptoSwift in Frameworks */ = {isa = PBXBuildFile; productRef = C4A06DB4264F7F9F0011E47E /* CryptoSwift */; };
/* End PBXBuildFile section */

/* Begin PBXContainerItemProxy section */
		6B442DB2264EAF3100BB75A7 /* PBXContainerItemProxy */ = {
			isa = PBXContainerItemProxy;
			containerPortal = 6B442D93264EAF2D00BB75A7 /* Project object */;
			proxyType = 1;
			remoteGlobalIDString = 6B442D9A264EAF2D00BB75A7;
			remoteInfo = QRCode;
		};
		6B442DBD264EAF3100BB75A7 /* PBXContainerItemProxy */ = {
			isa = PBXContainerItemProxy;
			containerPortal = 6B442D93264EAF2D00BB75A7 /* Project object */;
			proxyType = 1;
			remoteGlobalIDString = 6B442D9A264EAF2D00BB75A7;
			remoteInfo = QRCode;
		};
/* End PBXContainerItemProxy section */

/* Begin PBXFileReference section */
		6B442D9B264EAF2D00BB75A7 /* QRCode.app */ = {isa = PBXFileReference; explicitFileType = wrapper.application; includeInIndex = 0; path = QRCode.app; sourceTree = BUILT_PRODUCTS_DIR; };
		6B442D9E264EAF2D00BB75A7 /* AppDelegate.swift */ = {isa = PBXFileReference; lastKnownFileType = sourcecode.swift; path = AppDelegate.swift; sourceTree = "<group>"; };
		6B442DA0264EAF2D00BB75A7 /* SceneDelegate.swift */ = {isa = PBXFileReference; lastKnownFileType = sourcecode.swift; path = SceneDelegate.swift; sourceTree = "<group>"; };
		6B442DA2264EAF2D00BB75A7 /* ViewController.swift */ = {isa = PBXFileReference; lastKnownFileType = sourcecode.swift; path = ViewController.swift; sourceTree = "<group>"; };
		6B442DA5264EAF2D00BB75A7 /* Base */ = {isa = PBXFileReference; lastKnownFileType = file.storyboard; name = Base; path = Base.lproj/Main.storyboard; sourceTree = "<group>"; };
		6B442DA7264EAF3100BB75A7 /* Assets.xcassets */ = {isa = PBXFileReference; lastKnownFileType = folder.assetcatalog; path = Assets.xcassets; sourceTree = "<group>"; };
		6B442DAA264EAF3100BB75A7 /* Base */ = {isa = PBXFileReference; lastKnownFileType = file.storyboard; name = Base; path = Base.lproj/LaunchScreen.storyboard; sourceTree = "<group>"; };
		6B442DAC264EAF3100BB75A7 /* Info.plist */ = {isa = PBXFileReference; lastKnownFileType = text.plist.xml; path = Info.plist; sourceTree = "<group>"; };
		6B442DB1264EAF3100BB75A7 /* QRCodeTests.xctest */ = {isa = PBXFileReference; explicitFileType = wrapper.cfbundle; includeInIndex = 0; path = QRCodeTests.xctest; sourceTree = BUILT_PRODUCTS_DIR; };
		6B442DB5264EAF3100BB75A7 /* QRCodeTests.swift */ = {isa = PBXFileReference; lastKnownFileType = sourcecode.swift; path = QRCodeTests.swift; sourceTree = "<group>"; };
		6B442DB7264EAF3100BB75A7 /* Info.plist */ = {isa = PBXFileReference; lastKnownFileType = text.plist.xml; path = Info.plist; sourceTree = "<group>"; };
		6B442DBC264EAF3100BB75A7 /* QRCodeUITests.xctest */ = {isa = PBXFileReference; explicitFileType = wrapper.cfbundle; includeInIndex = 0; path = QRCodeUITests.xctest; sourceTree = BUILT_PRODUCTS_DIR; };
		6B442DC0264EAF3100BB75A7 /* QRCodeUITests.swift */ = {isa = PBXFileReference; lastKnownFileType = sourcecode.swift; path = QRCodeUITests.swift; sourceTree = "<group>"; };
		6B442DC2264EAF3100BB75A7 /* Info.plist */ = {isa = PBXFileReference; lastKnownFileType = text.plist.xml; path = Info.plist; sourceTree = "<group>"; };
/* End PBXFileReference section */

/* Begin PBXFrameworksBuildPhase section */
		6B442D98264EAF2D00BB75A7 /* Frameworks */ = {
			isa = PBXFrameworksBuildPhase;
			buildActionMask = 2147483647;
			files = (
				C4A06DB5264F7F9F0011E47E /* CryptoSwift in Frameworks */,
			);
			runOnlyForDeploymentPostprocessing = 0;
		};
		6B442DAE264EAF3100BB75A7 /* Frameworks */ = {
			isa = PBXFrameworksBuildPhase;
			buildActionMask = 2147483647;
			files = (
			);
			runOnlyForDeploymentPostprocessing = 0;
		};
		6B442DB9264EAF3100BB75A7 /* Frameworks */ = {
			isa = PBXFrameworksBuildPhase;
			buildActionMask = 2147483647;
			files = (
			);
			runOnlyForDeploymentPostprocessing = 0;
		};
/* End PBXFrameworksBuildPhase section */

/* Begin PBXGroup section */
		6B442D92264EAF2D00BB75A7 = {
			isa = PBXGroup;
			children = (
				6B442D9D264EAF2D00BB75A7 /* QRCode */,
				6B442DB4264EAF3100BB75A7 /* QRCodeTests */,
				6B442DBF264EAF3100BB75A7 /* QRCodeUITests */,
				6B442D9C264EAF2D00BB75A7 /* Products */,
			);
			sourceTree = "<group>";
		};
		6B442D9C264EAF2D00BB75A7 /* Products */ = {
			isa = PBXGroup;
			children = (
				6B442D9B264EAF2D00BB75A7 /* QRCode.app */,
				6B442DB1264EAF3100BB75A7 /* QRCodeTests.xctest */,
				6B442DBC264EAF3100BB75A7 /* QRCodeUITests.xctest */,
			);
			name = Products;
			sourceTree = "<group>";
		};
		6B442D9D264EAF2D00BB75A7 /* QRCode */ = {
			isa = PBXGroup;
			children = (
				6B442D9E264EAF2D00BB75A7 /* AppDelegate.swift */,
				6B442DA0264EAF2D00BB75A7 /* SceneDelegate.swift */,
				6B442DA2264EAF2D00BB75A7 /* ViewController.swift */,
				6B442DA4264EAF2D00BB75A7 /* Main.storyboard */,
				6B442DA7264EAF3100BB75A7 /* Assets.xcassets */,
				6B442DA9264EAF3100BB75A7 /* LaunchScreen.storyboard */,
				6B442DAC264EAF3100BB75A7 /* Info.plist */,
			);
			path = QRCode;
			sourceTree = "<group>";
		};
		6B442DB4264EAF3100BB75A7 /* QRCodeTests */ = {
			isa = PBXGroup;
			children = (
				6B442DB5264EAF3100BB75A7 /* QRCodeTests.swift */,
				6B442DB7264EAF3100BB75A7 /* Info.plist */,
			);
			path = QRCodeTests;
			sourceTree = "<group>";
		};
		6B442DBF264EAF3100BB75A7 /* QRCodeUITests */ = {
			isa = PBXGroup;
			children = (
				6B442DC0264EAF3100BB75A7 /* QRCodeUITests.swift */,
				6B442DC2264EAF3100BB75A7 /* Info.plist */,
			);
			path = QRCodeUITests;
			sourceTree = "<group>";
		};
/* End PBXGroup section */

/* Begin PBXNativeTarget section */
		6B442D9A264EAF2D00BB75A7 /* QRCode */ = {
			isa = PBXNativeTarget;
			buildConfigurationList = 6B442DC5264EAF3100BB75A7 /* Build configuration list for PBXNativeTarget "QRCode" */;
			buildPhases = (
				6B442D97264EAF2D00BB75A7 /* Sources */,
				6B442D98264EAF2D00BB75A7 /* Frameworks */,
				6B442D99264EAF2D00BB75A7 /* Resources */,
			);
			buildRules = (
			);
			dependencies = (
			);
			name = QRCode;
			packageProductDependencies = (
				C4A06DB4264F7F9F0011E47E /* CryptoSwift */,
			);
			productName = QRCode;
			productReference = 6B442D9B264EAF2D00BB75A7 /* QRCode.app */;
			productType = "com.apple.product-type.application";
		};
		6B442DB0264EAF3100BB75A7 /* QRCodeTests */ = {
			isa = PBXNativeTarget;
			buildConfigurationList = 6B442DC8264EAF3100BB75A7 /* Build configuration list for PBXNativeTarget "QRCodeTests" */;
			buildPhases = (
				6B442DAD264EAF3100BB75A7 /* Sources */,
				6B442DAE264EAF3100BB75A7 /* Frameworks */,
				6B442DAF264EAF3100BB75A7 /* Resources */,
			);
			buildRules = (
			);
			dependencies = (
				6B442DB3264EAF3100BB75A7 /* PBXTargetDependency */,
			);
			name = QRCodeTests;
			productName = QRCodeTests;
			productReference = 6B442DB1264EAF3100BB75A7 /* QRCodeTests.xctest */;
			productType = "com.apple.product-type.bundle.unit-test";
		};
		6B442DBB264EAF3100BB75A7 /* QRCodeUITests */ = {
			isa = PBXNativeTarget;
			buildConfigurationList = 6B442DCB264EAF3100BB75A7 /* Build configuration list for PBXNativeTarget "QRCodeUITests" */;
			buildPhases = (
				6B442DB8264EAF3100BB75A7 /* Sources */,
				6B442DB9264EAF3100BB75A7 /* Frameworks */,
				6B442DBA264EAF3100BB75A7 /* Resources */,
			);
			buildRules = (
			);
			dependencies = (
				6B442DBE264EAF3100BB75A7 /* PBXTargetDependency */,
			);
			name = QRCodeUITests;
			productName = QRCodeUITests;
			productReference = 6B442DBC264EAF3100BB75A7 /* QRCodeUITests.xctest */;
			productType = "com.apple.product-type.bundle.ui-testing";
		};
/* End PBXNativeTarget section */

/* Begin PBXProject section */
		6B442D93264EAF2D00BB75A7 /* Project object */ = {
			isa = PBXProject;
			attributes = {
				LastSwiftUpdateCheck = 1250;
				LastUpgradeCheck = 1250;
				TargetAttributes = {
					6B442D9A264EAF2D00BB75A7 = {
						CreatedOnToolsVersion = 12.5;
					};
					6B442DB0264EAF3100BB75A7 = {
						CreatedOnToolsVersion = 12.5;
						TestTargetID = 6B442D9A264EAF2D00BB75A7;
					};
					6B442DBB264EAF3100BB75A7 = {
						CreatedOnToolsVersion = 12.5;
						TestTargetID = 6B442D9A264EAF2D00BB75A7;
					};
				};
			};
			buildConfigurationList = 6B442D96264EAF2D00BB75A7 /* Build configuration list for PBXProject "QRCode" */;
			compatibilityVersion = "Xcode 9.3";
			developmentRegion = en;
			hasScannedForEncodings = 0;
			knownRegions = (
				en,
				Base,
			);
			mainGroup = 6B442D92264EAF2D00BB75A7;
			packageReferences = (
				C4A06DB3264F7F9F0011E47E /* XCRemoteSwiftPackageReference "CryptoSwift" */,
			);
			productRefGroup = 6B442D9C264EAF2D00BB75A7 /* Products */;
			projectDirPath = "";
			projectRoot = "";
			targets = (
				6B442D9A264EAF2D00BB75A7 /* QRCode */,
				6B442DB0264EAF3100BB75A7 /* QRCodeTests */,
				6B442DBB264EAF3100BB75A7 /* QRCodeUITests */,
			);
		};
/* End PBXProject section */

/* Begin PBXResourcesBuildPhase section */
		6B442D99264EAF2D00BB75A7 /* Resources */ = {
			isa = PBXResourcesBuildPhase;
			buildActionMask = 2147483647;
			files = (
				6B442DAB264EAF3100BB75A7 /* LaunchScreen.storyboard in Resources */,
				6B442DA8264EAF3100BB75A7 /* Assets.xcassets in Resources */,
				6B442DA6264EAF2D00BB75A7 /* Main.storyboard in Resources */,
			);
			runOnlyForDeploymentPostprocessing = 0;
		};
		6B442DAF264EAF3100BB75A7 /* Resources */ = {
			isa = PBXResourcesBuildPhase;
			buildActionMask = 2147483647;
			files = (
			);
			runOnlyForDeploymentPostprocessing = 0;
		};
		6B442DBA264EAF3100BB75A7 /* Resources */ = {
			isa = PBXResourcesBuildPhase;
			buildActionMask = 2147483647;
			files = (
			);
			runOnlyForDeploymentPostprocessing = 0;
		};
/* End PBXResourcesBuildPhase section */

/* Begin PBXSourcesBuildPhase section */
		6B442D97264EAF2D00BB75A7 /* Sources */ = {
			isa = PBXSourcesBuildPhase;
			buildActionMask = 2147483647;
			files = (
				6B442DA3264EAF2D00BB75A7 /* ViewController.swift in Sources */,
				6B442D9F264EAF2D00BB75A7 /* AppDelegate.swift in Sources */,
				6B442DA1264EAF2D00BB75A7 /* SceneDelegate.swift in Sources */,
			);
			runOnlyForDeploymentPostprocessing = 0;
		};
		6B442DAD264EAF3100BB75A7 /* Sources */ = {
			isa = PBXSourcesBuildPhase;
			buildActionMask = 2147483647;
			files = (
				6B442DB6264EAF3100BB75A7 /* QRCodeTests.swift in Sources */,
			);
			runOnlyForDeploymentPostprocessing = 0;
		};
		6B442DB8264EAF3100BB75A7 /* Sources */ = {
			isa = PBXSourcesBuildPhase;
			buildActionMask = 2147483647;
			files = (
				6B442DC1264EAF3100BB75A7 /* QRCodeUITests.swift in Sources */,
			);
			runOnlyForDeploymentPostprocessing = 0;
		};
/* End PBXSourcesBuildPhase section */

/* Begin PBXTargetDependency section */
		6B442DB3264EAF3100BB75A7 /* PBXTargetDependency */ = {
			isa = PBXTargetDependency;
			target = 6B442D9A264EAF2D00BB75A7 /* QRCode */;
			targetProxy = 6B442DB2264EAF3100BB75A7 /* PBXContainerItemProxy */;
		};
		6B442DBE264EAF3100BB75A7 /* PBXTargetDependency */ = {
			isa = PBXTargetDependency;
			target = 6B442D9A264EAF2D00BB75A7 /* QRCode */;
			targetProxy = 6B442DBD264EAF3100BB75A7 /* PBXContainerItemProxy */;
		};
/* End PBXTargetDependency section */

/* Begin PBXVariantGroup section */
		6B442DA4264EAF2D00BB75A7 /* Main.storyboard */ = {
			isa = PBXVariantGroup;
			children = (
				6B442DA5264EAF2D00BB75A7 /* Base */,
			);
			name = Main.storyboard;
			sourceTree = "<group>";
		};
		6B442DA9264EAF3100BB75A7 /* LaunchScreen.storyboard */ = {
			isa = PBXVariantGroup;
			children = (
				6B442DAA264EAF3100BB75A7 /* Base */,
			);
			name = LaunchScreen.storyboard;
			sourceTree = "<group>";
		};
/* End PBXVariantGroup section */

/* Begin XCBuildConfiguration section */
		6B442DC3264EAF3100BB75A7 /* Debug */ = {
			isa = XCBuildConfiguration;
			buildSettings = {
				ALWAYS_SEARCH_USER_PATHS = NO;
				CLANG_ANALYZER_NONNULL = YES;
				CLANG_ANALYZER_NUMBER_OBJECT_CONVERSION = YES_AGGRESSIVE;
				CLANG_CXX_LANGUAGE_STANDARD = "gnu++14";
				CLANG_CXX_LIBRARY = "libc++";
				CLANG_ENABLE_MODULES = YES;
				CLANG_ENABLE_OBJC_ARC = YES;
				CLANG_ENABLE_OBJC_WEAK = YES;
				CLANG_WARN_BLOCK_CAPTURE_AUTORELEASING = YES;
				CLANG_WARN_BOOL_CONVERSION = YES;
				CLANG_WARN_COMMA = YES;
				CLANG_WARN_CONSTANT_CONVERSION = YES;
				CLANG_WARN_DEPRECATED_OBJC_IMPLEMENTATIONS = YES;
				CLANG_WARN_DIRECT_OBJC_ISA_USAGE = YES_ERROR;
				CLANG_WARN_DOCUMENTATION_COMMENTS = YES;
				CLANG_WARN_EMPTY_BODY = YES;
				CLANG_WARN_ENUM_CONVERSION = YES;
				CLANG_WARN_INFINITE_RECURSION = YES;
				CLANG_WARN_INT_CONVERSION = YES;
				CLANG_WARN_NON_LITERAL_NULL_CONVERSION = YES;
				CLANG_WARN_OBJC_IMPLICIT_RETAIN_SELF = YES;
				CLANG_WARN_OBJC_LITERAL_CONVERSION = YES;
				CLANG_WARN_OBJC_ROOT_CLASS = YES_ERROR;
				CLANG_WARN_QUOTED_INCLUDE_IN_FRAMEWORK_HEADER = YES;
				CLANG_WARN_RANGE_LOOP_ANALYSIS = YES;
				CLANG_WARN_STRICT_PROTOTYPES = YES;
				CLANG_WARN_SUSPICIOUS_MOVE = YES;
				CLANG_WARN_UNGUARDED_AVAILABILITY = YES_AGGRESSIVE;
				CLANG_WARN_UNREACHABLE_CODE = YES;
				CLANG_WARN__DUPLICATE_METHOD_MATCH = YES;
				COPY_PHASE_STRIP = NO;
				DEBUG_INFORMATION_FORMAT = dwarf;
				ENABLE_STRICT_OBJC_MSGSEND = YES;
				ENABLE_TESTABILITY = YES;
				GCC_C_LANGUAGE_STANDARD = gnu11;
				GCC_DYNAMIC_NO_PIC = NO;
				GCC_NO_COMMON_BLOCKS = YES;
				GCC_OPTIMIZATION_LEVEL = 0;
				GCC_PREPROCESSOR_DEFINITIONS = (
					"DEBUG=1",
					"$(inherited)",
				);
				GCC_WARN_64_TO_32_BIT_CONVERSION = YES;
				GCC_WARN_ABOUT_RETURN_TYPE = YES_ERROR;
				GCC_WARN_UNDECLARED_SELECTOR = YES;
				GCC_WARN_UNINITIALIZED_AUTOS = YES_AGGRESSIVE;
				GCC_WARN_UNUSED_FUNCTION = YES;
				GCC_WARN_UNUSED_VARIABLE = YES;
				IPHONEOS_DEPLOYMENT_TARGET = 14.5;
				MTL_ENABLE_DEBUG_INFO = INCLUDE_SOURCE;
				MTL_FAST_MATH = YES;
				ONLY_ACTIVE_ARCH = YES;
				SDKROOT = iphoneos;
				SWIFT_ACTIVE_COMPILATION_CONDITIONS = DEBUG;
				SWIFT_OPTIMIZATION_LEVEL = "-Onone";
			};
			name = Debug;
		};
		6B442DC4264EAF3100BB75A7 /* Release */ = {
			isa = XCBuildConfiguration;
			buildSettings = {
				ALWAYS_SEARCH_USER_PATHS = NO;
				CLANG_ANALYZER_NONNULL = YES;
				CLANG_ANALYZER_NUMBER_OBJECT_CONVERSION = YES_AGGRESSIVE;
				CLANG_CXX_LANGUAGE_STANDARD = "gnu++14";
				CLANG_CXX_LIBRARY = "libc++";
				CLANG_ENABLE_MODULES = YES;
				CLANG_ENABLE_OBJC_ARC = YES;
				CLANG_ENABLE_OBJC_WEAK = YES;
				CLANG_WARN_BLOCK_CAPTURE_AUTORELEASING = YES;
				CLANG_WARN_BOOL_CONVERSION = YES;
				CLANG_WARN_COMMA = YES;
				CLANG_WARN_CONSTANT_CONVERSION = YES;
				CLANG_WARN_DEPRECATED_OBJC_IMPLEMENTATIONS = YES;
				CLANG_WARN_DIRECT_OBJC_ISA_USAGE = YES_ERROR;
				CLANG_WARN_DOCUMENTATION_COMMENTS = YES;
				CLANG_WARN_EMPTY_BODY = YES;
				CLANG_WARN_ENUM_CONVERSION = YES;
				CLANG_WARN_INFINITE_RECURSION = YES;
				CLANG_WARN_INT_CONVERSION = YES;
				CLANG_WARN_NON_LITERAL_NULL_CONVERSION = YES;
				CLANG_WARN_OBJC_IMPLICIT_RETAIN_SELF = YES;
				CLANG_WARN_OBJC_LITERAL_CONVERSION = YES;
				CLANG_WARN_OBJC_ROOT_CLASS = YES_ERROR;
				CLANG_WARN_QUOTED_INCLUDE_IN_FRAMEWORK_HEADER = YES;
				CLANG_WARN_RANGE_LOOP_ANALYSIS = YES;
				CLANG_WARN_STRICT_PROTOTYPES = YES;
				CLANG_WARN_SUSPICIOUS_MOVE = YES;
				CLANG_WARN_UNGUARDED_AVAILABILITY = YES_AGGRESSIVE;
				CLANG_WARN_UNREACHABLE_CODE = YES;
				CLANG_WARN__DUPLICATE_METHOD_MATCH = YES;
				COPY_PHASE_STRIP = NO;
				DEBUG_INFORMATION_FORMAT = "dwarf-with-dsym";
				ENABLE_NS_ASSERTIONS = NO;
				ENABLE_STRICT_OBJC_MSGSEND = YES;
				GCC_C_LANGUAGE_STANDARD = gnu11;
				GCC_NO_COMMON_BLOCKS = YES;
				GCC_WARN_64_TO_32_BIT_CONVERSION = YES;
				GCC_WARN_ABOUT_RETURN_TYPE = YES_ERROR;
				GCC_WARN_UNDECLARED_SELECTOR = YES;
				GCC_WARN_UNINITIALIZED_AUTOS = YES_AGGRESSIVE;
				GCC_WARN_UNUSED_FUNCTION = YES;
				GCC_WARN_UNUSED_VARIABLE = YES;
				IPHONEOS_DEPLOYMENT_TARGET = 14.5;
				MTL_ENABLE_DEBUG_INFO = NO;
				MTL_FAST_MATH = YES;
				SDKROOT = iphoneos;
				SWIFT_COMPILATION_MODE = wholemodule;
				SWIFT_OPTIMIZATION_LEVEL = "-O";
				VALIDATE_PRODUCT = YES;
			};
			name = Release;
		};
		6B442DC6264EAF3100BB75A7 /* Debug */ = {
			isa = XCBuildConfiguration;
			buildSettings = {
				ASSETCATALOG_COMPILER_APPICON_NAME = AppIcon;
				ASSETCATALOG_COMPILER_GLOBAL_ACCENT_COLOR_NAME = AccentColor;
				CODE_SIGN_STYLE = Automatic;
				DEVELOPMENT_TEAM = 63D4662568;
				INFOPLIST_FILE = QRCode/Info.plist;
				IPHONEOS_DEPLOYMENT_TARGET = 14.1;
				LD_RUNPATH_SEARCH_PATHS = (
					"$(inherited)",
					"@executable_path/Frameworks",
				);
				PRODUCT_BUNDLE_IDENTIFIER = BKAV.QRCode;
				PRODUCT_NAME = "$(TARGET_NAME)";
				SWIFT_VERSION = 5.0;
				TARGETED_DEVICE_FAMILY = "1,2";
			};
			name = Debug;
		};
		6B442DC7264EAF3100BB75A7 /* Release */ = {
			isa = XCBuildConfiguration;
			buildSettings = {
				ASSETCATALOG_COMPILER_APPICON_NAME = AppIcon;
				ASSETCATALOG_COMPILER_GLOBAL_ACCENT_COLOR_NAME = AccentColor;
				CODE_SIGN_STYLE = Automatic;
				DEVELOPMENT_TEAM = 63D4662568;
				INFOPLIST_FILE = QRCode/Info.plist;
				IPHONEOS_DEPLOYMENT_TARGET = 14.1;
				LD_RUNPATH_SEARCH_PATHS = (
					"$(inherited)",
					"@executable_path/Frameworks",
				);
				PRODUCT_BUNDLE_IDENTIFIER = BKAV.QRCode;
				PRODUCT_NAME = "$(TARGET_NAME)";
				SWIFT_VERSION = 5.0;
				TARGETED_DEVICE_FAMILY = "1,2";
			};
			name = Release;
		};
		6B442DC9264EAF3100BB75A7 /* Debug */ = {
			isa = XCBuildConfiguration;
			buildSettings = {
				ALWAYS_EMBED_SWIFT_STANDARD_LIBRARIES = YES;
				BUNDLE_LOADER = "$(TEST_HOST)";
				CODE_SIGN_STYLE = Automatic;
				DEVELOPMENT_TEAM = 63D4662568;
				INFOPLIST_FILE = QRCodeTests/Info.plist;
				IPHONEOS_DEPLOYMENT_TARGET = 14.5;
				LD_RUNPATH_SEARCH_PATHS = (
					"$(inherited)",
					"@executable_path/Frameworks",
					"@loader_path/Frameworks",
				);
				PRODUCT_BUNDLE_IDENTIFIER = BKAV.QRCodeTests;
				PRODUCT_NAME = "$(TARGET_NAME)";
				SWIFT_VERSION = 5.0;
				TARGETED_DEVICE_FAMILY = "1,2";
				TEST_HOST = "$(BUILT_PRODUCTS_DIR)/QRCode.app/QRCode";
			};
			name = Debug;
		};
		6B442DCA264EAF3100BB75A7 /* Release */ = {
			isa = XCBuildConfiguration;
			buildSettings = {
				ALWAYS_EMBED_SWIFT_STANDARD_LIBRARIES = YES;
				BUNDLE_LOADER = "$(TEST_HOST)";
				CODE_SIGN_STYLE = Automatic;
				DEVELOPMENT_TEAM = 63D4662568;
				INFOPLIST_FILE = QRCodeTests/Info.plist;
				IPHONEOS_DEPLOYMENT_TARGET = 14.5;
				LD_RUNPATH_SEARCH_PATHS = (
					"$(inherited)",
					"@executable_path/Frameworks",
					"@loader_path/Frameworks",
				);
				PRODUCT_BUNDLE_IDENTIFIER = BKAV.QRCodeTests;
				PRODUCT_NAME = "$(TARGET_NAME)";
				SWIFT_VERSION = 5.0;
				TARGETED_DEVICE_FAMILY = "1,2";
				TEST_HOST = "$(BUILT_PRODUCTS_DIR)/QRCode.app/QRCode";
			};
			name = Release;
		};
		6B442DCC264EAF3100BB75A7 /* Debug */ = {
			isa = XCBuildConfiguration;
			buildSettings = {
				ALWAYS_EMBED_SWIFT_STANDARD_LIBRARIES = YES;
				CODE_SIGN_STYLE = Automatic;
				DEVELOPMENT_TEAM = 63D4662568;
				INFOPLIST_FILE = QRCodeUITests/Info.plist;
				LD_RUNPATH_SEARCH_PATHS = (
					"$(inherited)",
					"@executable_path/Frameworks",
					"@loader_path/Frameworks",
				);
				PRODUCT_BUNDLE_IDENTIFIER = BKAV.QRCodeUITests;
				PRODUCT_NAME = "$(TARGET_NAME)";
				SWIFT_VERSION = 5.0;
				TARGETED_DEVICE_FAMILY = "1,2";
				TEST_TARGET_NAME = QRCode;
			};
			name = Debug;
		};
		6B442DCD264EAF3100BB75A7 /* Release */ = {
			isa = XCBuildConfiguration;
			buildSettings = {
				ALWAYS_EMBED_SWIFT_STANDARD_LIBRARIES = YES;
				CODE_SIGN_STYLE = Automatic;
				DEVELOPMENT_TEAM = 63D4662568;
				INFOPLIST_FILE = QRCodeUITests/Info.plist;
				LD_RUNPATH_SEARCH_PATHS = (
					"$(inherited)",
					"@executable_path/Frameworks",
					"@loader_path/Frameworks",
				);
				PRODUCT_BUNDLE_IDENTIFIER = BKAV.QRCodeUITests;
				PRODUCT_NAME = "$(TARGET_NAME)";
				SWIFT_VERSION = 5.0;
				TARGETED_DEVICE_FAMILY = "1,2";
				TEST_TARGET_NAME = QRCode;
			};
			name = Release;
		};
/* End XCBuildConfiguration section */

/* Begin XCConfigurationList section */
		6B442D96264EAF2D00BB75A7 /* Build configuration list for PBXProject "QRCode" */ = {
			isa = XCConfigurationList;
			buildConfigurations = (
				6B442DC3264EAF3100BB75A7 /* Debug */,
				6B442DC4264EAF3100BB75A7 /* Release */,
			);
			defaultConfigurationIsVisible = 0;
			defaultConfigurationName = Release;
		};
		6B442DC5264EAF3100BB75A7 /* Build configuration list for PBXNativeTarget "QRCode" */ = {
			isa = XCConfigurationList;
			buildConfigurations = (
				6B442DC6264EAF3100BB75A7 /* Debug */,
				6B442DC7264EAF3100BB75A7 /* Release */,
			);
			defaultConfigurationIsVisible = 0;
			defaultConfigurationName = Release;
		};
		6B442DC8264EAF3100BB75A7 /* Build configuration list for PBXNativeTarget "QRCodeTests" */ = {
			isa = XCConfigurationList;
			buildConfigurations = (
				6B442DC9264EAF3100BB75A7 /* Debug */,
				6B442DCA264EAF3100BB75A7 /* Release */,
			);
			defaultConfigurationIsVisible = 0;
			defaultConfigurationName = Release;
		};
		6B442DCB264EAF3100BB75A7 /* Build configuration list for PBXNativeTarget "QRCodeUITests" */ = {
			isa = XCConfigurationList;
			buildConfigurations = (
				6B442DCC264EAF3100BB75A7 /* Debug */,
				6B442DCD264EAF3100BB75A7 /* Release */,
			);
			defaultConfigurationIsVisible = 0;
			defaultConfigurationName = Release;
		};
/* End XCConfigurationList section */

/* Begin XCRemoteSwiftPackageReference section */
		C4A06DB3264F7F9F0011E47E /* XCRemoteSwiftPackageReference "CryptoSwift" */ = {
			isa = XCRemoteSwiftPackageReference;
			repositoryURL = "https://github.com/krzyzanowskim/CryptoSwift.git";
			requirement = {
				kind = upToNextMajorVersion;
				minimumVersion = 1.4.0;
			};
		};
/* End XCRemoteSwiftPackageReference section */

/* Begin XCSwiftPackageProductDependency section */
		C4A06DB4264F7F9F0011E47E /* CryptoSwift */ = {
			isa = XCSwiftPackageProductDependency;
			package = C4A06DB3264F7F9F0011E47E /* XCRemoteSwiftPackageReference "CryptoSwift" */;
			productName = CryptoSwift;
		};
/* End XCSwiftPackageProductDependency section */
	};
	rootObject = 6B442D93264EAF2D00BB75A7 /* Project object */;
}
